
Microsoft Visual Studio Solution File, Format Version 12.00
# Visual Studio 2013
VisualStudioVersion = 12.0.21005.1
MinimumVisualStudioVersion = 10.0.40219.1
Project("{FAE04EC0-301F-11D3-BF4B-00C04F79EFBC}") = "MoveShapeDemo", "MoveShapeDemo\MoveShapeDemo.csproj", "{81EAA433-CDD0-4476-820B-16FFAE9A9C1E}"
EndProject
Global
	GlobalSection(SolutionConfigurationPlatforms) = preSolution
		Debug|Any CPU = Debug|Any CPU
		Release|Any CPU = Release|Any CPU
	EndGlobalSection
	GlobalSection(ProjectConfigurationPlatforms) = postSolution
		{81EAA433-CDD0-4476-820B-16FFAE9A9C1E}.Debug|Any CPU.ActiveCfg = Debug|Any CPU
		{81EAA433-CDD0-4476-820B-16FFAE9A9C1E}.Debug|Any CPU.Build.0 = Debug|Any CPU
		{81EAA433-CDD0-4476-820B-16FFAE9A9C1E}.Release|Any CPU.ActiveCfg = Release|Any CPU
		{81EAA433-CDD0-4476-820B-16FFAE9A9C1E}.Release|Any CPU.Build.0 = Release|Any CPU
	EndGlobalSection
	GlobalSection(SolutionProperties) = preSolution
		HideSolutionNode = FALSE
	EndGlobalSection
EndGlobal
